<?xml version="1.0" encoding="utf-8"?>
<Project ToolsVersion="4.0" xmlns="http://schemas.microsoft.com/developer/msbuild/2003">
  <ItemGroup>
    <FxCompile Include="Resources\shaders\BasicPS.hlsl">
      <Filter>シェーダーファイル</Filter>
    </FxCompile>
    <FxCompile Include="Resources\shaders\BasicVS.hlsl">
      <Filter>シェーダーファイル</Filter>
    </FxCompile>
    <FxCompile Include="Resources\shaders\FBXPS.hlsl">
      <Filter>シェーダーファイル</Filter>
    </FxCompile>
    <FxCompile Include="Resources\shaders\FBXVS.hlsl">
      <Filter>シェーダーファイル</Filter>
    </FxCompile>
    <FxCompile Include="Resources\shaders\OBJPixelShader.hlsl">
      <Filter>シェーダーファイル</Filter>
    </FxCompile>
    <FxCompile Include="Resources\shaders\OBJVertexShader.hlsl">
      <Filter>シェーダーファイル</Filter>
    </FxCompile>
    <FxCompile Include="Resources\shaders\SpritePS.hlsl">
      <Filter>シェーダーファイル</Filter>
    </FxCompile>
    <FxCompile Include="Resources\shaders\SpriteVS.hlsl">
      <Filter>シェーダーファイル</Filter>
    </FxCompile>
  </ItemGroup>
  <ItemGroup>
    <ClCompile Include="base\Audio.cpp">
      <Filter>base</Filter>
    </ClCompile>
    <ClCompile Include="base\DirectXCommon.cpp">
      <Filter>base</Filter>
    </ClCompile>
    <ClCompile Include="base\Input.cpp">
      <Filter>base</Filter>
    </ClCompile>
    <ClCompile Include="main.cpp">
      <Filter>base</Filter>
    </ClCompile>
    <ClCompile Include="base\WinApp.cpp">
      <Filter>base</Filter>
    </ClCompile>
    <ClCompile Include="camera\Camera.cpp">
      <Filter>Obj\camera</Filter>
    </ClCompile>
    <ClCompile Include="camera\DebugCamera.cpp">
      <Filter>Obj\camera</Filter>
    </ClCompile>
    <ClCompile Include="collision\BaseCollider.cpp">
      <Filter>FrameWork\collision</Filter>
    </ClCompile>
    <ClCompile Include="collision\Collision.cpp">
      <Filter>FrameWork\collision</Filter>
    </ClCompile>
    <ClCompile Include="collision\CollisionInfo.cpp">
      <Filter>FrameWork\collision</Filter>
    </ClCompile>
    <ClCompile Include="collision\CollisionManager.cpp">
      <Filter>FrameWork\collision</Filter>
    </ClCompile>
    <ClCompile Include="collision\CollisionPrimitive.cpp">
      <Filter>FrameWork\collision</Filter>
    </ClCompile>
    <ClCompile Include="collision\CollisionTypes.cpp">
      <Filter>FrameWork\collision</Filter>
    </ClCompile>
    <ClCompile Include="collision\MeshCollider.cpp">
      <Filter>FrameWork\collision</Filter>
    </ClCompile>
    <ClCompile Include="collision\SphereCollider.cpp">
      <Filter>FrameWork\collision</Filter>
    </ClCompile>
    <ClCompile Include="collision\TouchableObject.cpp">
      <Filter>FrameWork\collision</Filter>
    </ClCompile>
    <ClCompile Include="imgui\imgui.cpp">
      <Filter>Imgui</Filter>
    </ClCompile>
    <ClCompile Include="imgui\imgui_demo.cpp">
      <Filter>Imgui</Filter>
    </ClCompile>
    <ClCompile Include="imgui\imgui_draw.cpp">
      <Filter>Imgui</Filter>
    </ClCompile>
    <ClCompile Include="imgui\imgui_impl_dx12.cpp">
      <Filter>Imgui</Filter>
    </ClCompile>
    <ClCompile Include="imgui\imgui_impl_win32.cpp">
      <Filter>Imgui</Filter>
    </ClCompile>
    <ClCompile Include="imgui\imgui_widgets.cpp">
      <Filter>Imgui</Filter>
    </ClCompile>
    <ClCompile Include="base\AbstractSceneFactory.cpp">
      <Filter>System\scene</Filter>
    </ClCompile>
    <ClCompile Include="base\SceneFactory.cpp">
      <Filter>System\scene</Filter>
    </ClCompile>
    <ClCompile Include="base\Framework.cpp">
      <Filter>FrameWork</Filter>
    </ClCompile>
    <ClCompile Include="base\SceneManager.cpp">
      <Filter>FrameWork</Filter>
    </ClCompile>
    <ClCompile Include="base\XorShift.cpp">
      <Filter>Common</Filter>
    </ClCompile>
    <ClCompile Include="base\Easing.cpp">
      <Filter>Common</Filter>
    </ClCompile>
    <ClCompile Include="SourceCode\User\TitleScene.cpp">
      <Filter>User\タイトル</Filter>
    </ClCompile>
    <ClCompile Include="SourceCode\Obj\2d\Sprite.cpp">
      <Filter>Obj\2d</Filter>
    </ClCompile>
    <ClCompile Include="SourceCode\Obj\2d\Texture.cpp">
      <Filter>Obj\2d</Filter>
    </ClCompile>
    <ClCompile Include="SourceCode\Obj\3d\FbxLoader.cpp">
      <Filter>Obj\3d</Filter>
    </ClCompile>
    <ClCompile Include="SourceCode\Obj\3d\FBXModel.cpp">
      <Filter>Obj\3d</Filter>
    </ClCompile>
    <ClCompile Include="SourceCode\Obj\3d\FBXObject3d.cpp">
      <Filter>Obj\3d</Filter>
    </ClCompile>
    <ClCompile Include="SourceCode\Obj\3d\Material.cpp">
      <Filter>Obj\3d</Filter>
    </ClCompile>
    <ClCompile Include="SourceCode\Obj\3d\Mesh.cpp">
      <Filter>Obj\3d</Filter>
    </ClCompile>
    <ClCompile Include="SourceCode\Obj\3d\Model.cpp">
      <Filter>Obj\3d</Filter>
    </ClCompile>
    <ClCompile Include="SourceCode\Obj\3d\Object3d.cpp">
      <Filter>Obj\3d</Filter>
    </ClCompile>
    <ClCompile Include="SourceCode\Obj\light\LightGroup.cpp">
      <Filter>Obj\light</Filter>
    </ClCompile>
    <ClCompile Include="SourceCode\Obj\light\PointLight.cpp">
      <Filter>Obj\light</Filter>
    </ClCompile>
    <ClCompile Include="SourceCode\Obj\light\SpotLight.cpp">
      <Filter>Obj\light</Filter>
    </ClCompile>
    <ClCompile Include="SourceCode\FrameWork\FPSManager.cpp">
      <Filter>FrameWork</Filter>
    </ClCompile>
    <ClCompile Include="SourceCode\User\ImageManager.cpp">
      <Filter>FrameWork</Filter>
    </ClCompile>
    <ClCompile Include="SourceCode\User\ModelManager.cpp">
      <Filter>FrameWork</Filter>
    </ClCompile>
    <ClCompile Include="TisGame.cpp">
      <Filter>System\scene</Filter>
    </ClCompile>
  </ItemGroup>
  <ItemGroup>
    <ClInclude Include="base\Audio.h">
      <Filter>base</Filter>
    </ClInclude>
    <ClInclude Include="base\DirectXCommon.h">
      <Filter>base</Filter>
    </ClInclude>
    <ClInclude Include="base\Input.h">
      <Filter>base</Filter>
    </ClInclude>
    <ClInclude Include="base\WinApp.h">
      <Filter>base</Filter>
    </ClInclude>
    <ClInclude Include="camera\Camera.h">
      <Filter>Obj\camera</Filter>
    </ClInclude>
    <ClInclude Include="camera\DebugCamera.h">
      <Filter>Obj\camera</Filter>
    </ClInclude>
    <ClInclude Include="collision\BaseCollider.h">
      <Filter>FrameWork\collision</Filter>
    </ClInclude>
    <ClInclude Include="collision\Collision.h">
      <Filter>FrameWork\collision</Filter>
    </ClInclude>
    <ClInclude Include="collision\CollisionAttribute.h">
      <Filter>FrameWork\collision</Filter>
    </ClInclude>
    <ClInclude Include="collision\CollisionInfo.h">
      <Filter>FrameWork\collision</Filter>
    </ClInclude>
    <ClInclude Include="collision\CollisionManager.h">
      <Filter>FrameWork\collision</Filter>
    </ClInclude>
    <ClInclude Include="collision\CollisionPrimitive.h">
      <Filter>FrameWork\collision</Filter>
    </ClInclude>
    <ClInclude Include="collision\CollisionTypes.h">
      <Filter>FrameWork\collision</Filter>
    </ClInclude>
    <ClInclude Include="collision\MeshCollider.h">
      <Filter>FrameWork\collision</Filter>
    </ClInclude>
    <ClInclude Include="collision\QueryCallback.h">
      <Filter>FrameWork\collision</Filter>
    </ClInclude>
    <ClInclude Include="collision\RaycastHit.h">
      <Filter>FrameWork\collision</Filter>
    </ClInclude>
    <ClInclude Include="collision\SphereCollider.h">
      <Filter>FrameWork\collision</Filter>
    </ClInclude>
    <ClInclude Include="collision\TouchableObject.h">
      <Filter>FrameWork\collision</Filter>
    </ClInclude>
    <ClInclude Include="imgui\imconfig.h">
      <Filter>Imgui</Filter>
    </ClInclude>
    <ClInclude Include="imgui\imgui.h">
      <Filter>Imgui</Filter>
    </ClInclude>
    <ClInclude Include="imgui\imgui_impl_dx12.h">
      <Filter>Imgui</Filter>
    </ClInclude>
    <ClInclude Include="imgui\imgui_impl_win32.h">
      <Filter>Imgui</Filter>
    </ClInclude>
    <ClInclude Include="imgui\imgui_internal.h">
      <Filter>Imgui</Filter>
    </ClInclude>
    <ClInclude Include="imgui\imstb_rectpack.h">
      <Filter>Imgui</Filter>
    </ClInclude>
    <ClInclude Include="imgui\imstb_textedit.h">
      <Filter>Imgui</Filter>
    </ClInclude>
    <ClInclude Include="imgui\imstb_truetype.h">
      <Filter>Imgui</Filter>
    </ClInclude>
    <ClInclude Include="base\AbstractSceneFactory.h">
      <Filter>System\scene</Filter>
    </ClInclude>
    <ClInclude Include="base\BaseScene.h">
      <Filter>System\scene</Filter>
    </ClInclude>
    <ClInclude Include="base\SceneFactory.h">
      <Filter>System\scene</Filter>
    </ClInclude>
    <ClInclude Include="base\Framework.h">
      <Filter>FrameWork</Filter>
    </ClInclude>
    <ClInclude Include="base\SceneManager.h">
      <Filter>FrameWork</Filter>
    </ClInclude>
    <ClInclude Include="base\XorShift.h">
      <Filter>Common</Filter>
    </ClInclude>
    <ClInclude Include="base\Easing.h">
      <Filter>Common</Filter>
    </ClInclude>
    <ClInclude Include="Resources\resource.h" />
    <ClInclude Include="SourceCode\User\TitleScene.h">
      <Filter>User\タイトル</Filter>
    </ClInclude>
    <ClInclude Include="SourceCode\Obj\2d\Sprite.h">
      <Filter>Obj\2d</Filter>
    </ClInclude>
    <ClInclude Include="SourceCode\Obj\2d\Texture.h">
      <Filter>Obj\2d</Filter>
    </ClInclude>
    <ClInclude Include="SourceCode\Obj\3d\FbxLoader.h">
      <Filter>Obj\3d</Filter>
    </ClInclude>
    <ClInclude Include="SourceCode\Obj\3d\FBXModel.h">
      <Filter>Obj\3d</Filter>
    </ClInclude>
    <ClInclude Include="SourceCode\Obj\3d\FBXObject3d.h">
      <Filter>Obj\3d</Filter>
    </ClInclude>
    <ClInclude Include="SourceCode\Obj\3d\Material.h">
      <Filter>Obj\3d</Filter>
    </ClInclude>
    <ClInclude Include="SourceCode\Obj\3d\Mesh.h">
      <Filter>Obj\3d</Filter>
    </ClInclude>
    <ClInclude Include="SourceCode\Obj\3d\Model.h">
      <Filter>Obj\3d</Filter>
    </ClInclude>
    <ClInclude Include="SourceCode\Obj\3d\Object3d.h">
      <Filter>Obj\3d</Filter>
    </ClInclude>
    <ClInclude Include="SourceCode\Obj\light\DirectionalLight.h">
      <Filter>Obj\light</Filter>
    </ClInclude>
    <ClInclude Include="SourceCode\Obj\light\LightGroup.h">
      <Filter>Obj\light</Filter>
    </ClInclude>
    <ClInclude Include="SourceCode\Obj\light\PointLight.h">
      <Filter>Obj\light</Filter>
    </ClInclude>
    <ClInclude Include="SourceCode\Obj\light\SpotLight.h">
      <Filter>Obj\light</Filter>
    </ClInclude>
    <ClInclude Include="SourceCode\FrameWork\FPSManager.h">
      <Filter>FrameWork</Filter>
    </ClInclude>
    <ClInclude Include="SourceCode\User\ImageManager.h">
      <Filter>FrameWork</Filter>
    </ClInclude>
    <ClInclude Include="SourceCode\User\ModelManager.h">
      <Filter>FrameWork</Filter>
    </ClInclude>
    <ClInclude Include="TisGame.h">
      <Filter>System\scene</Filter>
    </ClInclude>
  </ItemGroup>
  <ItemGroup>
    <None Include="imgui\imgui.vcxproj">
      <Filter>Imgui</Filter>
    </None>
    <None Include="imgui\imgui.vcxproj.filters">
      <Filter>Imgui</Filter>
    </None>
    <None Include="Resources\shaders\Basic.hlsli">
      <Filter>シェーダーファイル</Filter>
    </None>
    <None Include="Resources\shaders\FBX.hlsli">
      <Filter>シェーダーファイル</Filter>
    </None>
    <None Include="Resources\shaders\OBJShaderHeader.hlsli">
      <Filter>シェーダーファイル</Filter>
    </None>
    <None Include="Resources\shaders\Sprite.hlsli">
      <Filter>シェーダーファイル</Filter>
    </None>
  </ItemGroup>
  <ItemGroup>
    <Filter Include="base">
      <UniqueIdentifier>{930e728c-ed99-42a2-8282-9ef2b2aa3382}</UniqueIdentifier>
    </Filter>
    <Filter Include="Imgui">
      <UniqueIdentifier>{d8191e5d-038f-4b22-a458-8a351ff2082e}</UniqueIdentifier>
    </Filter>
    <Filter Include="Common">
      <UniqueIdentifier>{155b6472-b209-48ed-b45d-5f7980b30640}</UniqueIdentifier>
    </Filter>
    <Filter Include="FrameWork">
      <UniqueIdentifier>{7eab3b5f-dfc7-4d31-ab34-cc1156d07ddd}</UniqueIdentifier>
    </Filter>
    <Filter Include="User">
      <UniqueIdentifier>{57305cbd-9fa4-4ce4-b6e0-3d74641ac4d8}</UniqueIdentifier>
    </Filter>
    <Filter Include="Obj">
      <UniqueIdentifier>{2f3982a7-16f6-4833-80e3-a026bf76c712}</UniqueIdentifier>
    </Filter>
    <Filter Include="System">
      <UniqueIdentifier>{ea32ec11-3ec5-4631-9497-e14500f7bcbb}</UniqueIdentifier>
    </Filter>
    <Filter Include="Obj\2d">
      <UniqueIdentifier>{ef999c71-70ae-49d5-b44c-e114292c5bb7}</UniqueIdentifier>
    </Filter>
    <Filter Include="Obj\3d">
      <UniqueIdentifier>{c9627490-700b-403a-9499-68f903a24f75}</UniqueIdentifier>
    </Filter>
    <Filter Include="User\タイトル">
      <UniqueIdentifier>{76303557-d2b1-4671-a130-77e66e2eace3}</UniqueIdentifier>
    </Filter>
    <Filter Include="シェーダーファイル">
      <UniqueIdentifier>{78a9d76b-31b8-4f30-82fc-5ff98a372aab}</UniqueIdentifier>
    </Filter>
    <Filter Include="FrameWork\collision">
      <UniqueIdentifier>{324de7c2-248b-4844-ba99-ebb2e3c01aab}</UniqueIdentifier>
    </Filter>
    <Filter Include="Obj\light">
      <UniqueIdentifier>{9712d5e3-a37a-4acf-a22a-690fac496dda}</UniqueIdentifier>
    </Filter>
    <Filter Include="Obj\camera">
      <UniqueIdentifier>{f2b82da3-2245-4882-a435-9e257e6d2e66}</UniqueIdentifier>
    </Filter>
    <Filter Include="System\scene">
      <UniqueIdentifier>{b5186c93-328c-47e8-a0dd-a4d7845b97dc}</UniqueIdentifier>
    </Filter>
  </ItemGroup>
  <ItemGroup>
    <Image Include="icon1.ico" />
  </ItemGroup>
  <ItemGroup>
    <ResourceCompile Include="Resources\DirectX new.rc" />
  </ItemGroup>
</Project>