<?xml version="1.0" encoding="utf-8"?>
<Project ToolsVersion="4.0" xmlns="http://schemas.microsoft.com/developer/msbuild/2003">
  <ItemGroup>
    <FxCompile Include="Resources\shaders\BasicPS.hlsl">
      <Filter>シェーダーファイル</Filter>
    </FxCompile>
    <FxCompile Include="Resources\shaders\BasicVS.hlsl">
      <Filter>シェーダーファイル</Filter>
    </FxCompile>
    <FxCompile Include="Resources\shaders\FBXPS.hlsl">
      <Filter>シェーダーファイル</Filter>
    </FxCompile>
    <FxCompile Include="Resources\shaders\FBXVS.hlsl">
      <Filter>シェーダーファイル</Filter>
    </FxCompile>
    <FxCompile Include="Resources\shaders\OBJPixelShader.hlsl">
      <Filter>シェーダーファイル</Filter>
    </FxCompile>
    <FxCompile Include="Resources\shaders\OBJVertexShader.hlsl">
      <Filter>シェーダーファイル</Filter>
    </FxCompile>
    <FxCompile Include="Resources\shaders\SpritePS.hlsl">
      <Filter>シェーダーファイル</Filter>
    </FxCompile>
    <FxCompile Include="Resources\shaders\SpriteVS.hlsl">
      <Filter>シェーダーファイル</Filter>
    </FxCompile>
    <FxCompile Include="Resources\shaders\PostEffectTestPS.hlsl">
      <Filter>シェーダーファイル</Filter>
    </FxCompile>
    <FxCompile Include="Resources\shaders\PostEffectTestVS.hlsl">
      <Filter>シェーダーファイル</Filter>
    </FxCompile>
    <FxCompile Include="Resources\shaders\ParticleGS.hlsl" />
    <FxCompile Include="Resources\shaders\ParticlePS.hlsl" />
    <FxCompile Include="Resources\shaders\ParticleVS.hlsl" />
  </ItemGroup>
  <ItemGroup>
    <ClCompile Include="SourceCode\User\TitleScene.cpp">
      <Filter>User\タイトル</Filter>
    </ClCompile>
    <ClCompile Include="SourceCode\Obj\2d\Sprite.cpp">
      <Filter>Obj\2d</Filter>
    </ClCompile>
    <ClCompile Include="SourceCode\Obj\3d\FbxLoader.cpp">
      <Filter>Obj\3d</Filter>
    </ClCompile>
    <ClCompile Include="SourceCode\Obj\3d\FBXModel.cpp">
      <Filter>Obj\3d</Filter>
    </ClCompile>
    <ClCompile Include="SourceCode\Obj\3d\FBXObject3d.cpp">
      <Filter>Obj\3d</Filter>
    </ClCompile>
    <ClCompile Include="SourceCode\Obj\3d\Material.cpp">
      <Filter>Obj\3d</Filter>
    </ClCompile>
    <ClCompile Include="SourceCode\Obj\3d\Mesh.cpp">
      <Filter>Obj\3d</Filter>
    </ClCompile>
    <ClCompile Include="SourceCode\Obj\3d\Model.cpp">
      <Filter>Obj\3d</Filter>
    </ClCompile>
    <ClCompile Include="SourceCode\Obj\3d\Object3d.cpp">
      <Filter>Obj\3d</Filter>
    </ClCompile>
    <ClCompile Include="SourceCode\Obj\light\LightGroup.cpp">
      <Filter>Obj\light</Filter>
    </ClCompile>
    <ClCompile Include="SourceCode\FrameWork\FPSManager.cpp">
      <Filter>FrameWork</Filter>
    </ClCompile>
    <ClCompile Include="SourceCode\User\ImageManager.cpp">
      <Filter>FrameWork</Filter>
    </ClCompile>
    <ClCompile Include="SourceCode\User\ModelManager.cpp">
      <Filter>FrameWork</Filter>
    </ClCompile>
    <ClCompile Include="SourceCode\Obj\camera\Camera.cpp">
      <Filter>Obj\camera</Filter>
    </ClCompile>
    <ClCompile Include="SourceCode\Obj\camera\DebugCamera.cpp">
      <Filter>Obj\camera</Filter>
    </ClCompile>
    <ClCompile Include="SourceCode\Common\Easing.cpp">
      <Filter>Common</Filter>
    </ClCompile>
    <ClCompile Include="SourceCode\Common\XorShift.cpp">
      <Filter>Common</Filter>
    </ClCompile>
    <ClCompile Include="SourceCode\main.cpp" />
    <ClCompile Include="SourceCode\TisGame.cpp">
      <Filter>System\scene</Filter>
    </ClCompile>
    <ClCompile Include="SourceCode\FrameWork\collision\BaseCollider.cpp">
      <Filter>FrameWork\collision</Filter>
    </ClCompile>
    <ClCompile Include="SourceCode\FrameWork\collision\Collision.cpp">
      <Filter>FrameWork\collision</Filter>
    </ClCompile>
    <ClCompile Include="SourceCode\FrameWork\collision\CollisionInfo.cpp">
      <Filter>FrameWork\collision</Filter>
    </ClCompile>
    <ClCompile Include="SourceCode\FrameWork\collision\CollisionManager.cpp">
      <Filter>FrameWork\collision</Filter>
    </ClCompile>
    <ClCompile Include="SourceCode\FrameWork\collision\CollisionPrimitive.cpp">
      <Filter>FrameWork\collision</Filter>
    </ClCompile>
    <ClCompile Include="SourceCode\FrameWork\collision\CollisionTypes.cpp">
      <Filter>FrameWork\collision</Filter>
    </ClCompile>
    <ClCompile Include="SourceCode\FrameWork\collision\MeshCollider.cpp">
      <Filter>FrameWork\collision</Filter>
    </ClCompile>
    <ClCompile Include="SourceCode\FrameWork\collision\SphereCollider.cpp">
      <Filter>FrameWork\collision</Filter>
    </ClCompile>
    <ClCompile Include="SourceCode\FrameWork\collision\TouchableObject.cpp">
      <Filter>FrameWork\collision</Filter>
    </ClCompile>
    <ClCompile Include="SourceCode\System\AbstractSceneFactory.cpp">
      <Filter>System\scene</Filter>
    </ClCompile>
    <ClCompile Include="SourceCode\System\SceneFactory.cpp">
      <Filter>System\scene</Filter>
    </ClCompile>
    <ClCompile Include="SourceCode\FrameWork\AudioManager.cpp">
      <Filter>FrameWork</Filter>
    </ClCompile>
    <ClCompile Include="SourceCode\FrameWork\Framework.cpp">
      <Filter>FrameWork</Filter>
    </ClCompile>
    <ClCompile Include="SourceCode\FrameWork\Input.cpp">
      <Filter>FrameWork</Filter>
    </ClCompile>
    <ClCompile Include="SourceCode\FrameWork\SceneManager.cpp">
      <Filter>FrameWork</Filter>
    </ClCompile>
    <ClCompile Include="SourceCode\FrameWork\WinApp.cpp">
      <Filter>FrameWork</Filter>
    </ClCompile>
    <ClCompile Include="SourceCode\System\DirectXCommon.cpp">
      <Filter>System</Filter>
    </ClCompile>
    <ClCompile Include="SourceCode\imgui\imgui.cpp">
      <Filter>Imgui</Filter>
    </ClCompile>
    <ClCompile Include="SourceCode\imgui\imgui_demo.cpp">
      <Filter>Imgui</Filter>
    </ClCompile>
    <ClCompile Include="SourceCode\imgui\imgui_draw.cpp">
      <Filter>Imgui</Filter>
    </ClCompile>
    <ClCompile Include="SourceCode\imgui\imgui_impl_dx12.cpp">
      <Filter>Imgui</Filter>
    </ClCompile>
    <ClCompile Include="SourceCode\imgui\imgui_impl_win32.cpp">
      <Filter>Imgui</Filter>
    </ClCompile>
    <ClCompile Include="SourceCode\imgui\imgui_widgets.cpp">
      <Filter>Imgui</Filter>
    </ClCompile>
    <ClCompile Include="SourceCode\Obj\Actor.cpp">
      <Filter>Obj\Actor</Filter>
    </ClCompile>
    <ClCompile Include="SourceCode\Obj\ActorComponent.cpp">
      <Filter>Obj\Actor</Filter>
    </ClCompile>
    <ClCompile Include="SourceCode\User\FirstStage.cpp">
      <Filter>User\プレイシーン</Filter>
    </ClCompile>
    <ClCompile Include="SourceCode\User\PauseUI.cpp">
      <Filter>User\ステージに必要</Filter>
    </ClCompile>
    <ClCompile Include="SourceCode\User\Player.cpp">
      <Filter>User\Player</Filter>
    </ClCompile>
    <ClCompile Include="SourceCode\User\Enemy.cpp">
      <Filter>User\Enemy</Filter>
    </ClCompile>
    <ClCompile Include="SourceCode\FrameWork\ActorManager.cpp">
      <Filter>Obj\Actor</Filter>
    </ClCompile>
    <ClCompile Include="SourceCode\System\ActorFactory.cpp">
      <Filter>Obj\Actor</Filter>
    </ClCompile>
    <ClCompile Include="SourceCode\User\PlayerUI.cpp">
      <Filter>User\Player</Filter>
    </ClCompile>
    <ClCompile Include="SourceCode\Common\Vec.cpp">
      <Filter>Common</Filter>
    </ClCompile>
    <ClCompile Include="SourceCode\User\Aim.cpp">
      <Filter>User\Player</Filter>
    </ClCompile>
    <ClCompile Include="SourceCode\FrameWork\ParticleManager.cpp">
      <Filter>FrameWork</Filter>
    </ClCompile>
    <ClCompile Include="SourceCode\FrameWork\PostEffect.cpp">
      <Filter>FrameWork</Filter>
    </ClCompile>
    <ClCompile Include="SourceCode\FrameWork\SceneChanger.cpp">
      <Filter>FrameWork</Filter>
    </ClCompile>
    <ClCompile Include="SourceCode\User\EnemyUI.cpp">
      <Filter>User\Enemy</Filter>
    </ClCompile>
    <ClCompile Include="SourceCode\User\SecondStage.cpp">
      <Filter>User\プレイシーン</Filter>
    </ClCompile>
    <ClCompile Include="SourceCode\User\EnemyAttack.cpp">
      <Filter>User\Enemy</Filter>
    </ClCompile>
    <ClCompile Include="SourceCode\User\TitleText.cpp">
      <Filter>User\タイトル</Filter>
    </ClCompile>
    <ClCompile Include="SourceCode\User\Bullet.cpp">
      <Filter>User\Bullet</Filter>
    </ClCompile>
    <ClCompile Include="SourceCode\User\BulletRed.cpp">
      <Filter>User\Bullet</Filter>
    </ClCompile>
    <ClCompile Include="SourceCode\User\BulletGreen.cpp">
      <Filter>User\Bullet</Filter>
    </ClCompile>
    <ClCompile Include="SourceCode\User\Enemy_Bee.cpp">
      <Filter>User\Enemy</Filter>
    </ClCompile>
    <ClCompile Include="SourceCode\User\Honey.cpp">
      <Filter>User\Enemy</Filter>
    </ClCompile>
    <ClCompile Include="SourceCode\System\LevelLoader.cpp">
      <Filter>System</Filter>
    </ClCompile>
    <ClCompile Include="SourceCode\Obj\2d\Object2d.cpp">
      <Filter>Obj\2d</Filter>
    </ClCompile>
    <ClCompile Include="SourceCode\System\BaseScene.cpp">
      <Filter>User\プレイシーン</Filter>
    </ClCompile>
    <ClCompile Include="SourceCode\User\BattleScene.cpp">
      <Filter>User\プレイシーン</Filter>
    </ClCompile>
    <ClCompile Include="SourceCode\User\MSecondStage.cpp">
      <Filter>User\導入</Filter>
    </ClCompile>
    <ClCompile Include="SourceCode\Obj\3d\NullActor.cpp">
      <Filter>Obj\Actor</Filter>
    </ClCompile>
    <ClCompile Include="SourceCode\System\Hud.cpp">
      <Filter>User\ステージに必要</Filter>
    </ClCompile>
    <ClCompile Include="SourceCode\User\ClearCrystal.cpp">
      <Filter>User\ステージに必要</Filter>
    </ClCompile>
    <ClCompile Include="SourceCode\User\Crystal.cpp">
      <Filter>User\ステージに必要</Filter>
    </ClCompile>
    <ClCompile Include="SourceCode\FrameWork\ParticleEmitter.cpp">
      <Filter>FrameWork</Filter>
    </ClCompile>
    <ClCompile Include="SourceCode\User\Touch.cpp">
      <Filter>User\ステージに必要</Filter>
    </ClCompile>
    <ClCompile Include="SourceCode\Common\Singleton.cpp">
      <Filter>Common</Filter>
    </ClCompile>
    <ClCompile Include="SourceCode\System\BossLevelLoader.cpp">
      <Filter>User\Enemy</Filter>
    </ClCompile>
  </ItemGroup>
  <ItemGroup>
    <ClInclude Include="Resources\resource.h" />
    <ClInclude Include="SourceCode\User\TitleScene.h">
      <Filter>User\タイトル</Filter>
    </ClInclude>
    <ClInclude Include="SourceCode\Obj\2d\Sprite.h">
      <Filter>Obj\2d</Filter>
    </ClInclude>
    <ClInclude Include="SourceCode\Obj\3d\FbxLoader.h">
      <Filter>Obj\3d</Filter>
    </ClInclude>
    <ClInclude Include="SourceCode\Obj\3d\FBXModel.h">
      <Filter>Obj\3d</Filter>
    </ClInclude>
    <ClInclude Include="SourceCode\Obj\3d\FBXObject3d.h">
      <Filter>Obj\3d</Filter>
    </ClInclude>
    <ClInclude Include="SourceCode\Obj\3d\Material.h">
      <Filter>Obj\3d</Filter>
    </ClInclude>
    <ClInclude Include="SourceCode\Obj\3d\Mesh.h">
      <Filter>Obj\3d</Filter>
    </ClInclude>
    <ClInclude Include="SourceCode\Obj\3d\Model.h">
      <Filter>Obj\3d</Filter>
    </ClInclude>
    <ClInclude Include="SourceCode\Obj\3d\Object3d.h">
      <Filter>Obj\3d</Filter>
    </ClInclude>
    <ClInclude Include="SourceCode\Obj\light\DirectionalLight.h">
      <Filter>Obj\light</Filter>
    </ClInclude>
    <ClInclude Include="SourceCode\Obj\light\LightGroup.h">
      <Filter>Obj\light</Filter>
    </ClInclude>
    <ClInclude Include="SourceCode\Obj\light\PointLight.h">
      <Filter>Obj\light</Filter>
    </ClInclude>
    <ClInclude Include="SourceCode\Obj\light\SpotLight.h">
      <Filter>Obj\light</Filter>
    </ClInclude>
    <ClInclude Include="SourceCode\FrameWork\FPSManager.h">
      <Filter>FrameWork</Filter>
    </ClInclude>
    <ClInclude Include="SourceCode\User\ImageManager.h">
      <Filter>FrameWork</Filter>
    </ClInclude>
    <ClInclude Include="SourceCode\User\ModelManager.h">
      <Filter>FrameWork</Filter>
    </ClInclude>
    <ClInclude Include="SourceCode\Obj\camera\Camera.h">
      <Filter>Obj\camera</Filter>
    </ClInclude>
    <ClInclude Include="SourceCode\Obj\camera\DebugCamera.h">
      <Filter>Obj\camera</Filter>
    </ClInclude>
    <ClInclude Include="SourceCode\Common\Easing.h">
      <Filter>Common</Filter>
    </ClInclude>
    <ClInclude Include="SourceCode\Common\XorShift.h">
      <Filter>Common</Filter>
    </ClInclude>
    <ClInclude Include="SourceCode\TisGame.h">
      <Filter>System\scene</Filter>
    </ClInclude>
    <ClInclude Include="SourceCode\FrameWork\collision\BaseCollider.h">
      <Filter>FrameWork\collision</Filter>
    </ClInclude>
    <ClInclude Include="SourceCode\FrameWork\collision\Collision.h">
      <Filter>FrameWork\collision</Filter>
    </ClInclude>
    <ClInclude Include="SourceCode\FrameWork\collision\CollisionAttribute.h">
      <Filter>FrameWork\collision</Filter>
    </ClInclude>
    <ClInclude Include="SourceCode\FrameWork\collision\CollisionInfo.h">
      <Filter>FrameWork\collision</Filter>
    </ClInclude>
    <ClInclude Include="SourceCode\FrameWork\collision\CollisionManager.h">
      <Filter>FrameWork\collision</Filter>
    </ClInclude>
    <ClInclude Include="SourceCode\FrameWork\collision\CollisionPrimitive.h">
      <Filter>FrameWork\collision</Filter>
    </ClInclude>
    <ClInclude Include="SourceCode\FrameWork\collision\CollisionTypes.h">
      <Filter>FrameWork\collision</Filter>
    </ClInclude>
    <ClInclude Include="SourceCode\FrameWork\collision\MeshCollider.h">
      <Filter>FrameWork\collision</Filter>
    </ClInclude>
    <ClInclude Include="SourceCode\FrameWork\collision\QueryCallback.h">
      <Filter>FrameWork\collision</Filter>
    </ClInclude>
    <ClInclude Include="SourceCode\FrameWork\collision\RaycastHit.h">
      <Filter>FrameWork\collision</Filter>
    </ClInclude>
    <ClInclude Include="SourceCode\FrameWork\collision\SphereCollider.h">
      <Filter>FrameWork\collision</Filter>
    </ClInclude>
    <ClInclude Include="SourceCode\FrameWork\collision\TouchableObject.h">
      <Filter>FrameWork\collision</Filter>
    </ClInclude>
    <ClInclude Include="SourceCode\System\AbstractSceneFactory.h">
      <Filter>System\scene</Filter>
    </ClInclude>
    <ClInclude Include="SourceCode\System\SceneFactory.h">
      <Filter>System\scene</Filter>
    </ClInclude>
    <ClInclude Include="SourceCode\FrameWork\AudioManager.h">
      <Filter>FrameWork</Filter>
    </ClInclude>
    <ClInclude Include="SourceCode\FrameWork\Framework.h">
      <Filter>FrameWork</Filter>
    </ClInclude>
    <ClInclude Include="SourceCode\FrameWork\Input.h">
      <Filter>FrameWork</Filter>
    </ClInclude>
    <ClInclude Include="SourceCode\FrameWork\SceneManager.h">
      <Filter>FrameWork</Filter>
    </ClInclude>
    <ClInclude Include="SourceCode\FrameWork\WinApp.h">
      <Filter>FrameWork</Filter>
    </ClInclude>
    <ClInclude Include="SourceCode\System\DirectXCommon.h">
      <Filter>System</Filter>
    </ClInclude>
    <ClInclude Include="SourceCode\imgui\imconfig.h">
      <Filter>Imgui</Filter>
    </ClInclude>
    <ClInclude Include="SourceCode\imgui\imgui.h">
      <Filter>Imgui</Filter>
    </ClInclude>
    <ClInclude Include="SourceCode\imgui\imgui_impl_dx12.h">
      <Filter>Imgui</Filter>
    </ClInclude>
    <ClInclude Include="SourceCode\imgui\imgui_impl_win32.h">
      <Filter>Imgui</Filter>
    </ClInclude>
    <ClInclude Include="SourceCode\imgui\imgui_internal.h">
      <Filter>Imgui</Filter>
    </ClInclude>
    <ClInclude Include="SourceCode\imgui\imstb_rectpack.h">
      <Filter>Imgui</Filter>
    </ClInclude>
    <ClInclude Include="SourceCode\imgui\imstb_textedit.h">
      <Filter>Imgui</Filter>
    </ClInclude>
    <ClInclude Include="SourceCode\imgui\imstb_truetype.h">
      <Filter>Imgui</Filter>
    </ClInclude>
    <ClInclude Include="SourceCode\Obj\Actor.h">
      <Filter>Obj\Actor</Filter>
    </ClInclude>
    <ClInclude Include="SourceCode\Obj\ActorComponent.h">
      <Filter>Obj\Actor</Filter>
    </ClInclude>
    <ClInclude Include="SourceCode\User\FirstStage.h">
      <Filter>User\プレイシーン</Filter>
    </ClInclude>
    <ClInclude Include="SourceCode\User\PauseUI.h">
      <Filter>User\ステージに必要</Filter>
    </ClInclude>
    <ClInclude Include="SourceCode\User\Player.h">
      <Filter>User\Player</Filter>
    </ClInclude>
    <ClInclude Include="SourceCode\User\Enemy.h">
      <Filter>User\Enemy</Filter>
    </ClInclude>
    <ClInclude Include="SourceCode\FrameWork\ActorManager.h">
      <Filter>Obj\Actor</Filter>
    </ClInclude>
    <ClInclude Include="SourceCode\System\ActorFactory.h">
      <Filter>Obj\Actor</Filter>
    </ClInclude>
    <ClInclude Include="SourceCode\User\PlayerUI.h">
      <Filter>User\Player</Filter>
    </ClInclude>
    <ClInclude Include="SourceCode\Common\Vec.h">
      <Filter>Common</Filter>
    </ClInclude>
    <ClInclude Include="SourceCode\User\Aim.h">
      <Filter>User\Player</Filter>
    </ClInclude>
    <ClInclude Include="SourceCode\FrameWork\ParticleManager.h">
      <Filter>FrameWork</Filter>
    </ClInclude>
    <ClInclude Include="SourceCode\FrameWork\PostEffect.h">
      <Filter>FrameWork</Filter>
    </ClInclude>
    <ClInclude Include="SourceCode\FrameWork\SceneChanger.h">
      <Filter>FrameWork</Filter>
    </ClInclude>
    <ClInclude Include="SourceCode\User\EnemyUI.h">
      <Filter>User\Enemy</Filter>
    </ClInclude>
    <ClInclude Include="SourceCode\User\SecondStage.h">
      <Filter>User\プレイシーン</Filter>
    </ClInclude>
    <ClInclude Include="SourceCode\User\EnemyAttack.h">
      <Filter>User\Enemy</Filter>
    </ClInclude>
    <ClInclude Include="SourceCode\User\TitleText.h">
      <Filter>User\タイトル</Filter>
    </ClInclude>
    <ClInclude Include="SourceCode\User\Bullet.h">
      <Filter>User\Bullet</Filter>
    </ClInclude>
    <ClInclude Include="SourceCode\User\BulletRed.h">
      <Filter>User\Bullet</Filter>
    </ClInclude>
    <ClInclude Include="SourceCode\User\BulletGreen.h">
      <Filter>User\Bullet</Filter>
    </ClInclude>
    <ClInclude Include="SourceCode\User\Enemy_Bee.h">
      <Filter>User\Enemy</Filter>
    </ClInclude>
    <ClInclude Include="SourceCode\User\Honey.h">
      <Filter>User\Enemy</Filter>
    </ClInclude>
    <ClInclude Include="SourceCode\System\LevelLoader.h">
      <Filter>System</Filter>
    </ClInclude>
    <ClInclude Include="SourceCode\Obj\2d\Object2d.h">
      <Filter>Obj\2d</Filter>
    </ClInclude>
    <ClInclude Include="SourceCode\System\BaseScene.h">
      <Filter>User\プレイシーン</Filter>
    </ClInclude>
    <ClInclude Include="SourceCode\User\BattleScene.h">
      <Filter>User\プレイシーン</Filter>
    </ClInclude>
    <ClInclude Include="SourceCode\User\MSecondStage.h">
      <Filter>User\導入</Filter>
    </ClInclude>
    <ClInclude Include="SourceCode\Obj\3d\NullActor.h">
      <Filter>Obj\Actor</Filter>
    </ClInclude>
    <ClInclude Include="SourceCode\System\Hud.h">
      <Filter>User\ステージに必要</Filter>
    </ClInclude>
    <ClInclude Include="SourceCode\User\ClearCrystal.h">
      <Filter>User\ステージに必要</Filter>
    </ClInclude>
    <ClInclude Include="SourceCode\User\Crystal.h">
      <Filter>User\ステージに必要</Filter>
    </ClInclude>
    <ClInclude Include="SourceCode\FrameWork\ParticleEmitter.h">
      <Filter>FrameWork</Filter>
    </ClInclude>
    <ClInclude Include="SourceCode\User\Touch.h">
      <Filter>User\ステージに必要</Filter>
    </ClInclude>
    <ClInclude Include="SourceCode\Common\Singleton.h">
      <Filter>Common</Filter>
    </ClInclude>
    <ClInclude Include="SourceCode\System\BossLevelLoader.h">
      <Filter>User\Enemy</Filter>
    </ClInclude>
  </ItemGroup>
  <ItemGroup>
    <None Include="Resources\shaders\Basic.hlsli">
      <Filter>シェーダーファイル</Filter>
    </None>
    <None Include="Resources\shaders\FBX.hlsli">
      <Filter>シェーダーファイル</Filter>
    </None>
    <None Include="Resources\shaders\OBJShaderHeader.hlsli">
      <Filter>シェーダーファイル</Filter>
    </None>
    <None Include="Resources\shaders\Sprite.hlsli">
      <Filter>シェーダーファイル</Filter>
    </None>
    <None Include="SourceCode\imgui\imgui.vcxproj">
      <Filter>Imgui</Filter>
    </None>
    <None Include="SourceCode\imgui\imgui.vcxproj.filters">
      <Filter>Imgui</Filter>
    </None>
    <None Include="Resources\shaders\PostEffectTest.hlsli">
      <Filter>シェーダーファイル</Filter>
    </None>
    <None Include="Resources\shaders\Particle.hlsli" />
  </ItemGroup>
  <ItemGroup>
    <Filter Include="Imgui">
      <UniqueIdentifier>{d8191e5d-038f-4b22-a458-8a351ff2082e}</UniqueIdentifier>
    </Filter>
    <Filter Include="Common">
      <UniqueIdentifier>{155b6472-b209-48ed-b45d-5f7980b30640}</UniqueIdentifier>
    </Filter>
    <Filter Include="FrameWork">
      <UniqueIdentifier>{7eab3b5f-dfc7-4d31-ab34-cc1156d07ddd}</UniqueIdentifier>
    </Filter>
    <Filter Include="User">
      <UniqueIdentifier>{57305cbd-9fa4-4ce4-b6e0-3d74641ac4d8}</UniqueIdentifier>
    </Filter>
    <Filter Include="Obj">
      <UniqueIdentifier>{2f3982a7-16f6-4833-80e3-a026bf76c712}</UniqueIdentifier>
    </Filter>
    <Filter Include="System">
      <UniqueIdentifier>{ea32ec11-3ec5-4631-9497-e14500f7bcbb}</UniqueIdentifier>
    </Filter>
    <Filter Include="Obj\2d">
      <UniqueIdentifier>{ef999c71-70ae-49d5-b44c-e114292c5bb7}</UniqueIdentifier>
    </Filter>
    <Filter Include="Obj\3d">
      <UniqueIdentifier>{c9627490-700b-403a-9499-68f903a24f75}</UniqueIdentifier>
    </Filter>
    <Filter Include="User\タイトル">
      <UniqueIdentifier>{76303557-d2b1-4671-a130-77e66e2eace3}</UniqueIdentifier>
    </Filter>
    <Filter Include="シェーダーファイル">
      <UniqueIdentifier>{78a9d76b-31b8-4f30-82fc-5ff98a372aab}</UniqueIdentifier>
    </Filter>
    <Filter Include="FrameWork\collision">
      <UniqueIdentifier>{324de7c2-248b-4844-ba99-ebb2e3c01aab}</UniqueIdentifier>
    </Filter>
    <Filter Include="Obj\light">
      <UniqueIdentifier>{9712d5e3-a37a-4acf-a22a-690fac496dda}</UniqueIdentifier>
    </Filter>
    <Filter Include="Obj\camera">
      <UniqueIdentifier>{f2b82da3-2245-4882-a435-9e257e6d2e66}</UniqueIdentifier>
    </Filter>
    <Filter Include="System\scene">
      <UniqueIdentifier>{b5186c93-328c-47e8-a0dd-a4d7845b97dc}</UniqueIdentifier>
    </Filter>
    <Filter Include="Obj\Actor">
      <UniqueIdentifier>{f7055635-e251-4d2c-865e-88a6b7793e5c}</UniqueIdentifier>
    </Filter>
    <Filter Include="User\プレイシーン">
      <UniqueIdentifier>{15917c61-7c40-4156-8fc8-aaeb3b6207da}</UniqueIdentifier>
    </Filter>
    <Filter Include="User\デバック">
      <UniqueIdentifier>{d6a6130d-88fb-44e9-b239-382c7f4719a7}</UniqueIdentifier>
    </Filter>
    <Filter Include="User\Player">
      <UniqueIdentifier>{d7e0ad70-567d-4790-8c47-3debf3fd1da4}</UniqueIdentifier>
    </Filter>
    <Filter Include="User\Enemy">
      <UniqueIdentifier>{2905ce30-6a01-419b-b653-c07349da6df2}</UniqueIdentifier>
    </Filter>
    <Filter Include="User\Bullet">
      <UniqueIdentifier>{e9bf7935-8691-4af8-8b2e-f2d10666ff8e}</UniqueIdentifier>
    </Filter>
    <Filter Include="User\導入">
      <UniqueIdentifier>{6212de8a-f870-441b-81a2-3872f2e15771}</UniqueIdentifier>
    </Filter>
    <Filter Include="User\ステージに必要">
      <UniqueIdentifier>{0012f487-6006-4812-b40d-62da62a658da}</UniqueIdentifier>
    </Filter>
  </ItemGroup>
  <ItemGroup>
    <Image Include="icon1.ico" />
  </ItemGroup>
  <ItemGroup>
    <ResourceCompile Include="Resources\Gnomen.rc" />
  </ItemGroup>
</Project>